
Microsoft Visual Studio Solution File, Format Version 12.00
# Visual Studio Version 17
VisualStudioVersion = 17.5.002.0
MinimumVisualStudioVersion = 10.0.40219.1
Project("{9A19103F-16F7-4668-BE54-9A1E7A4F7556}") = "WebRTC Match Maker Godot Project", "WebRTC Match Maker Godot Project.csproj", "{1FDF1893-B219-4B88-8CB8-BE18796E30FC}"
EndProject
Global
	GlobalSection(SolutionConfigurationPlatforms) = preSolution
		Debug|Any CPU = Debug|Any CPU
		Release|Any CPU = Release|Any CPU
	EndGlobalSection
	GlobalSection(ProjectConfigurationPlatforms) = postSolution
		{1FDF1893-B219-4B88-8CB8-BE18796E30FC}.Debug|Any CPU.ActiveCfg = Debug|Any CPU
		{1FDF1893-B219-4B88-8CB8-BE18796E30FC}.Debug|Any CPU.Build.0 = Debug|Any CPU
		{1FDF1893-B219-4B88-8CB8-BE18796E30FC}.Release|Any CPU.ActiveCfg = Release|Any CPU
		{1FDF1893-B219-4B88-8CB8-BE18796E30FC}.Release|Any CPU.Build.0 = Release|Any CPU
	EndGlobalSection
	GlobalSection(SolutionProperties) = preSolution
		HideSolutionNode = FALSE
	EndGlobalSection
	GlobalSection(ExtensibilityGlobals) = postSolution
		SolutionGuid = {74B73932-9AF7-407D-B1D7-414745543A91}
	EndGlobalSection
EndGlobal
