Microsoft Visual Studio Solution File, Format Version 12.00
# Visual Studio 2012
Project("{FAE04EC0-301F-11D3-BF4B-00C04F79EFBC}") = "WebRTC Match Maker Godot Project", "WebRTC Match Maker Godot Project.csproj", "{51F47F99-93FE-45EB-9493-8B085C024D57}"
EndProject
Global
	GlobalSection(SolutionConfigurationPlatforms) = preSolution
	Debug|Any CPU = Debug|Any CPU
	ExportDebug|Any CPU = ExportDebug|Any CPU
	ExportRelease|Any CPU = ExportRelease|Any CPU
	EndGlobalSection
	GlobalSection(ProjectConfigurationPlatforms) = postSolution
		{51F47F99-93FE-45EB-9493-8B085C024D57}.Debug|Any CPU.ActiveCfg = Debug|Any CPU
		{51F47F99-93FE-45EB-9493-8B085C024D57}.Debug|Any CPU.Build.0 = Debug|Any CPU
		{51F47F99-93FE-45EB-9493-8B085C024D57}.ExportDebug|Any CPU.ActiveCfg = ExportDebug|Any CPU
		{51F47F99-93FE-45EB-9493-8B085C024D57}.ExportDebug|Any CPU.Build.0 = ExportDebug|Any CPU
		{51F47F99-93FE-45EB-9493-8B085C024D57}.ExportRelease|Any CPU.ActiveCfg = ExportRelease|Any CPU
		{51F47F99-93FE-45EB-9493-8B085C024D57}.ExportRelease|Any CPU.Build.0 = ExportRelease|Any CPU
	EndGlobalSection
EndGlobal
